<?xml version="1.0" encoding="utf-8"?>
<Project ToolsVersion="4.0" xmlns="http://schemas.microsoft.com/developer/msbuild/2003">
  <ItemGroup>
    <FxCompile Include="Resources\shaders\Skybox.PS.hlsl" />
    <FxCompile Include="Resources\shaders\Skybox.VS.hlsl" />
    <FxCompile Include="Resources\shaders\Object3d.PS.hlsl" />
    <FxCompile Include="Resources\shaders\Particle.PS.hlsl" />
    <FxCompile Include="Resources\shaders\Particle.VS.hlsl" />
    <FxCompile Include="Resources\shaders\Object3d.VS.hlsl" />
  </ItemGroup>
  <ItemGroup>
    <ClCompile Include="Baziru3_Engine\3D\Model\SkinCluster\SkinCluster.cpp" />
    <ClCompile Include="Baziru3_Engine\Animation\Joint\Joint.cpp" />
    <ClCompile Include="Baziru3_Engine\Animation\NodeAnimation\Node.cpp" />
    <ClCompile Include="Baziru3_Engine\Base\OffScreenRendering\OffScreenRendering.cpp" />
    <ClCompile Include="Baziru3_Engine\Animation\Animation.cpp" />
    <ClCompile Include="Baziru3_Engine\Animation\AnimationUtils.cpp" />
    <ClCompile Include="Baziru3_Engine\Animation\Animator.cpp" />
    <ClCompile Include="Baziru3_Engine\Animation\Skeleton\Skeleton.cpp" />
    <ClCompile Include="Baziru3_Engine\Animation\Skeleton\SkeletonDebug.cpp" />
    <ClCompile Include="Baziru3_Engine\Effect\HitEffect.cpp" />
    <ClCompile Include="Application\Fade\FadeApplication.cpp" />
    <ClCompile Include="Baziru3_Engine\Graphics\Particle\ParticleRenderer.cpp" />
    <ClCompile Include="Baziru3_Engine\Graphics\Sphere\SphereRenderer.cpp" />
    <ClCompile Include="Baziru3_Engine\Primitive\Cylinder\Cylinder.cpp" />
    <ClCompile Include="Baziru3_Engine\Particle\Ring.cpp" />
    <ClCompile Include="Baziru3_Engine\Scene\Factory\AbstractSceneFactory.cpp" />
    <ClCompile Include="Application\Scene\TitleScene\TitleScene.cpp" />
    <ClCompile Include="Baziru3_Engine\Audio\AudioManager.cpp" />
    <ClCompile Include="Baziru3_Engine\Scene\BaseScene.cpp" />
    <ClCompile Include="Baziru3_Engine\2D\Texture\TextureManager.cpp" />
    <ClCompile Include="Baziru3_Engine\3D\Object\Object3d.cpp" />
    <ClCompile Include="Baziru3_Engine\3D\Object\Object3dCom.cpp" />
    <ClCompile Include="Baziru3_Engine\Audio\Sound.cpp" />
    <ClCompile Include="Baziru3_Engine\Base\ImGui\ImGuiManager.cpp" />
    <ClCompile Include="Baziru3_Engine\Base\OffScreenRendering\RenderTexture.cpp" />
    <ClCompile Include="Baziru3_Engine\Camera\Camera.cpp" />
    <ClCompile Include="Baziru3_Engine\Camera\DebugCamera\DebugCamera.cpp" />
    <ClCompile Include="Baziru3_Engine\Base\DirectXCom.cpp" />
    <ClCompile Include="Baziru3_Engine\Base\KeyInput.cpp" />
    <ClCompile Include="Baziru3_Engine\Base\Log\Log.cpp" />
    <ClCompile Include="Baziru3_Engine\Math\Matrix4x4.cpp" />
    <ClCompile Include="Baziru3_Engine\Base\ResourceLeakCheek.cpp" />
    <ClCompile Include="Baziru3_Engine\Base\StringUtil.cpp" />
    <ClCompile Include="Baziru3_Engine\Base\Transform.cpp" />
    <ClCompile Include="Baziru3_Engine\Base\Windows\WindowsAPI.cpp" />
    <ClCompile Include="Baziru3_Engine\SkyBox\SkyboxCom.cpp" />
    <ClCompile Include="Baziru3_Engine\Platform\Windows\CrashDump.cpp" />
    <ClCompile Include="Baziru3_Engine\Base\DebugUI.cpp" />
    <ClCompile Include="Application\Fade\Framework.cpp" />
    <ClCompile Include="EngineContext.cpp" />
    <ClCompile Include="Game.cpp" />
    <ClCompile Include="Application\Scene\GameScene\GamePlayScene.cpp" />
    <ClCompile Include="Baziru3_Engine\Light\Light.cpp" />
    <ClCompile Include="main.cpp" />
    <ClCompile Include="Baziru3_Engine\2D\Sprite\Sprite.cpp" />
    <ClCompile Include="Baziru3_Engine\2D\Sprite\SpriteCom.cpp" />
    <ClCompile Include="Baziru3_Engine\Particle\ParticleManager.cpp" />
    <ClCompile Include="Baziru3_Engine\Graphics\Material\MaterialManager.cpp" />
    <ClCompile Include="Baziru3_Engine\Math\Random.cpp" />
    <ClCompile Include="Baziru3_Engine\3D\Model\Model.cpp" />
    <ClCompile Include="Baziru3_Engine\3D\Model\ModelCom.cpp" />
    <ClCompile Include="Baziru3_Engine\3D\Model\ModelManager.cpp" />
    <ClCompile Include="Baziru3_Engine\Scene\Factory\SceneFactory.cpp" />
    <ClCompile Include="Baziru3_Engine\Scene\Manager\SceneManager.cpp" />
    <ClCompile Include="Baziru3_Engine\Scene\Factory\SceneRegistration.cpp" />
    <ClCompile Include="Baziru3_Engine\SkyBox\SkyBox.cpp" />
    <ClCompile Include="Baziru3_Engine\Shapes\Sphere\Sphere.cpp" />
    <ClCompile Include="Baziru3_Engine\2D\Sprite\SpriteManager.cpp" />
    <ClCompile Include="Baziru3_Engine\Base\Srv\SRVManager.cpp" />
    <ClCompile Include="Application\Subsystem\SubsystemFactory.cpp" />
    <ClCompile Include="Application\Player\Player.cpp" />
    <ClCompile Include="Baziru3_Engine\IO\Mouse\MouseInput.cpp" />
  </ItemGroup>
  <ItemGroup>
    <ClInclude Include="Baziru3_Engine\Animation\NodeAnimation\Node.h" />
    <ClInclude Include="Baziru3_Engine\Animation\NodeAnimation\NodeStruct.h" />
    <ClInclude Include="Baziru3_Engine\3D\Model\SkinCluster\SkinCluster.h" />
    <ClInclude Include="Baziru3_Engine\Base\OffScreenRendering\OffScreenRendering.h" />
    <ClInclude Include="Baziru3_Engine\Animation\Animation.h" />
    <ClInclude Include="Baziru3_Engine\Animation\AnimationData.h" />
    <ClInclude Include="Baziru3_Engine\Animation\AnimationUtils.h" />
    <ClInclude Include="Baziru3_Engine\Animation\Animator.h" />
    <ClInclude Include="Baziru3_Engine\Animation\Joint\Joint.h" />
    <ClInclude Include="Baziru3_Engine\Animation\Keyframe\Keyframe.h" />
    <ClInclude Include="Baziru3_Engine\Animation\NodeAnimation\NodeAnimation.h" />
    <ClInclude Include="Baziru3_Engine\Animation\Skeleton\Skeleton.h" />
    <ClInclude Include="Baziru3_Engine\Animation\Skeleton\SkeletonDebug.h" />
    <ClInclude Include="Baziru3_Engine\Effect\HitEffect.h" />
    <ClInclude Include="Application\Fade\FadeApplication.h" />
    <ClInclude Include="Baziru3_Engine\Graphics\Particle\ParticleRenderer.h" />
    <ClInclude Include="Baziru3_Engine\Graphics\SceneRenderRequests.h" />
    <ClInclude Include="Baziru3_Engine\Graphics\Sphere\SphereDrawRequests.h" />
    <ClInclude Include="Baziru3_Engine\Graphics\Sphere\SphereRenderer.h" />
    <ClInclude Include="Baziru3_Engine\Math\EulerTransform.h" />
    <ClInclude Include="Baziru3_Engine\Math\Quaternion.h" />
    <ClInclude Include="Baziru3_Engine\Primitive\Cylinder\Cylinder.h" />
    <ClInclude Include="Baziru3_Engine\Particle\Ring.h" />
    <ClInclude Include="Baziru3_Engine\Scene\Factory\AbstractSceneFactory.h" />
    <ClInclude Include="Baziru3_Engine\Audio\AudioManager.h" />
    <ClInclude Include="Baziru3_Engine\Scene\BaseScene.h" />
    <ClInclude Include="Baziru3_Engine\3D\Object\Object3d.h" />
    <ClInclude Include="Baziru3_Engine\3D\Object\Object3dCom.h" />
    <ClInclude Include="Baziru3_Engine\Audio\Sound.h" />
    <ClInclude Include="Baziru3_Engine\Base\MappedResource.h" />
    <ClInclude Include="Baziru3_Engine\Base\OffScreenRendering\RenderTexture.h" />
    <ClInclude Include="Baziru3_Engine\Base\RenderContext.h" />
    <ClInclude Include="Baziru3_Engine\Base\RootParam.h" />
    <ClInclude Include="Baziru3_Engine\Camera\DebugCamera\DebugCamera.h" />
    <ClInclude Include="Baziru3_Engine\Base\DirectXCom.h" />
    <ClInclude Include="Baziru3_Engine\Base\ImGui\ImGuiManager.h" />
    <ClInclude Include="Baziru3_Engine\Base\KeyInput.h" />
    <ClInclude Include="Baziru3_Engine\Base\Log\Log.h" />
    <ClInclude Include="Baziru3_Engine\Math\Matrix4x4.h" />
    <ClInclude Include="Baziru3_Engine\Base\ResourceLeakCheek.h" />
    <ClInclude Include="Baziru3_Engine\Base\StringUtil.h" />
    <ClInclude Include="Baziru3_Engine\Base\Transform.h" />
    <ClInclude Include="Baziru3_Engine\Base\Vector.h" />
    <ClInclude Include="Baziru3_Engine\Base\Windows\WindowsAPI.h" />
    <ClInclude Include="Baziru3_Engine\Camera\Camera.h" />
    <ClInclude Include="Baziru3_Engine\2D\Sprite\Sprite.h" />
    <ClInclude Include="Baziru3_Engine\2D\Sprite\SpriteCom.h" />
    <ClInclude Include="Baziru3_Engine\Base\Operator.h" />
    <ClInclude Include="Baziru3_Engine\2D\Texture\TextureManager.h" />
    <ClInclude Include="Baziru3_Engine\SkyBox\SkyboxCom.h" />
    <ClInclude Include="Baziru3_Engine\Platform\Windows\CrashDump.h" />
    <ClInclude Include="Baziru3_Engine\Base\DebugUI.h" />
    <ClInclude Include="Application\Fade\Framework.h" />
    <ClInclude Include="EngineContext.h" />
    <ClInclude Include="Game.h" />
    <ClInclude Include="Application\Scene\GameScene\GamePlayScene.h" />
    <ClInclude Include="Baziru3_Engine\Particle\ParticleEmitter.h" />
    <ClInclude Include="Baziru3_Engine\Particle\ParticleManager.h" />
    <ClInclude Include="Baziru3_Engine\Light\Light.h" />
    <ClInclude Include="Baziru3_Engine\Graphics\Material\MaterialManager.h" />
    <ClInclude Include="Baziru3_Engine\Math\Random.h" />
    <ClInclude Include="Baziru3_Engine\3D\Model\Model.h" />
    <ClInclude Include="Baziru3_Engine\3D\Model\ModelCom.h" />
    <ClInclude Include="Baziru3_Engine\3D\Model\ModelManager.h" />
    <ClInclude Include="Baziru3_Engine\Scene\Factory\SceneFactory.h" />
    <ClInclude Include="Baziru3_Engine\Scene\Manager\SceneManager.h" />
    <ClInclude Include="Baziru3_Engine\Scene\Factory\SceneRegistration.h" />
    <ClInclude Include="Baziru3_Engine\SkyBox\SkyBox.h" />
    <ClInclude Include="Baziru3_Engine\Shapes\Sphere\Sphere.h" />
    <ClInclude Include="Baziru3_Engine\2D\Sprite\SpriteManager.h" />
    <ClInclude Include="Baziru3_Engine\Base\Srv\SRVManager.h" />
    <ClInclude Include="Application\Scene\TitleScene\TitleScene.h" />
    <ClInclude Include="Application\Subsystem\SubsystemFactory.h" />
    <ClInclude Include="Application\Player\Player.h" />
    <ClInclude Include="Baziru3_Engine\IO\Mouse\MouseInput.h" />
  </ItemGroup>
  <ItemGroup>
    <None Include="Resources\shaders\CopyImage.hlsli" />
    <None Include="Resources\shaders\Skybox.hlsli" />
    <None Include="Resources\shaders\Particle.hlsli" />
    <None Include="Resources\shaders\Object3d.hlsli" />
  </ItemGroup>
</Project>