<?xml version="1.0" encoding="utf-8"?>
<Project ToolsVersion="4.0" xmlns="http://schemas.microsoft.com/developer/msbuild/2003">
  <ItemGroup>
    <Filter Include="ソース ファイル">
      <UniqueIdentifier>{4FC737F1-C7A5-4376-A066-2A32D752A2FF}</UniqueIdentifier>
      <Extensions>cpp;c;cc;cxx;c++;cppm;ixx;def;odl;idl;hpj;bat;asm;asmx</Extensions>
    </Filter>
    <Filter Include="ヘッダー ファイル">
      <UniqueIdentifier>{93995380-89BD-4b04-88EB-625FBE52EBFB}</UniqueIdentifier>
      <Extensions>h;hh;hpp;hxx;h++;hm;inl;inc;ipp;xsd</Extensions>
    </Filter>
    <Filter Include="リソース ファイル">
      <UniqueIdentifier>{67DA6AB6-F800-4c08-8B7A-83BB121AAD01}</UniqueIdentifier>
      <Extensions>rc;ico;cur;bmp;dlg;rc2;rct;bin;rgs;gif;jpg;jpeg;jpe;resx;tiff;tif;png;wav;mfcribbon-ms</Extensions>
    </Filter>
  </ItemGroup>
  <ItemGroup>
    <ClCompile Include="Baziru3_Engine\Core\Camera\DebugCamera\DebugCamera.cpp">
      <Filter>ソース ファイル</Filter>
    </ClCompile>
    <ClCompile Include="Baziru3_Engine\Core\Base\DirectXCom.cpp">
      <Filter>ソース ファイル</Filter>
    </ClCompile>
    <ClCompile Include="Baziru3_Engine\Graphics\2D\Sprite\Sprite.cpp">
      <Filter>ソース ファイル</Filter>
    </ClCompile>
    <ClCompile Include="Baziru3_Engine\Graphics\2D\Sprite\SpriteCom.cpp">
      <Filter>ソース ファイル</Filter>
    </ClCompile>
    <ClCompile Include="Baziru3_Engine\Graphics\2D\Texture\TextureManager.cpp">
      <Filter>ソース ファイル</Filter>
    </ClCompile>
    <ClCompile Include="Baziru3_Engine\Core\Base\Transform.cpp">
      <Filter>ソース ファイル</Filter>
    </ClCompile>
    <ClCompile Include="Baziru3_Engine\Core\Camera\Camera.cpp">
      <Filter>ソース ファイル</Filter>
    </ClCompile>
    <ClCompile Include="Baziru3_Engine\Graphics\3D\Object\Object3d.cpp">
      <Filter>ソース ファイル</Filter>
    </ClCompile>
    <ClCompile Include="Baziru3_Engine\Graphics\3D\Object\Object3dCom.cpp">
      <Filter>ソース ファイル</Filter>
    </ClCompile>
    <ClCompile Include="Baziru3_Engine\Core\Base\KeyInput.cpp">
      <Filter>ソース ファイル</Filter>
    </ClCompile>
    <ClCompile Include="Baziru3_Engine\Core\Base\Matrix4x4.cpp">
      <Filter>ソース ファイル</Filter>
    </ClCompile>
    <ClCompile Include="Baziru3_Engine\Core\Base\Log\Log.cpp">
      <Filter>ソース ファイル</Filter>
    </ClCompile>
    <ClCompile Include="main.cpp">
      <Filter>ソース ファイル</Filter>
    </ClCompile>
    <ClCompile Include="Baziru3_Engine\Core\Base\ResourceLeakCheck.cpp">
      <Filter>ソース ファイル</Filter>
    </ClCompile>
    <ClCompile Include="Baziru3_Engine\Framework\Audio\Sound.cpp">
      <Filter>ソース ファイル</Filter>
    </ClCompile>
    <ClCompile Include="Baziru3_Engine\Core\Base\StringUtil.cpp">
      <Filter>ソース ファイル</Filter>
    </ClCompile>
    <ClCompile Include="Baziru3_Engine\Core\Base\Windows\WindowsAPI.cpp">
      <Filter>ソース ファイル</Filter>
    </ClCompile>
    <ClCompile Include="Baziru3_Engine\Graphics\3D\Model\ModelCom.cpp">
      <Filter>ソース ファイル</Filter>
    </ClCompile>
    <ClCompile Include="Baziru3_Engine\Graphics\3D\Model\Model.cpp">
      <Filter>ソース ファイル</Filter>
    </ClCompile>
    <ClCompile Include="Baziru3_Engine\Graphics\3D\Model\ModelManager.cpp">
      <Filter>ソース ファイル</Filter>
    </ClCompile>
    <ClCompile Include="Baziru3_Engine\Core\Base\Srv\SRVManager.cpp">
      <Filter>ソース ファイル</Filter>
    </ClCompile>
    <ClCompile Include="Baziru3_Engine\Framework\Particle\ParticleManager.cpp">
      <Filter>ソース ファイル</Filter>
    </ClCompile>
    <ClCompile Include="Baziru3_Engine\Framework\Particle\ParticleEmitter.cpp">
      <Filter>ソース ファイル</Filter>
    </ClCompile>
    <ClCompile Include="Baziru3_Engine\Core\Math\Random.cpp">
      <Filter>ソース ファイル</Filter>
    </ClCompile>

    <ClCompile Include="Baziru3_Engine\Core\Base\ImGui\ImGuiManager.cpp">
      <Filter>ソース ファイル</Filter>
    </ClCompile>
    <ClCompile Include="Game.cpp">
      <Filter>ソース ファイル</Filter>
    </ClCompile>
    <ClCompile Include="Baziru3_Engine\Core\Platform\Windows\CrashDump.cpp">
      <Filter>ソース ファイル</Filter>
    </ClCompile>
    <ClCompile Include="Baziru3_Engine\Graphics\Shapes\Sphere\Sphere.cpp">
      <Filter>ソース ファイル</Filter>
    </ClCompile>
    <ClCompile Include="Application\Framework.cpp">
      <Filter>ソース ファイル</Filter>
    </ClCompile>
    <ClCompile Include="Application\Scene\GameScene\GamePlayScene.cpp">
      <Filter>ソース ファイル</Filter>
    </ClCompile>
    <ClCompile Include="Baziru3_Engine\Graphics\Light\Light.cpp">
      <Filter>ソース ファイル</Filter>
    </ClCompile>
    <ClCompile Include="Baziru3_Engine\Graphics\Graphics\Material\MaterialManager.cpp">
      <Filter>ソース ファイル</Filter>
    </ClCompile>
    <ClCompile Include="Baziru3_Engine\Framework\Scene\BaseScene.cpp">
      <Filter>ソース ファイル</Filter>
    </ClCompile>
    <ClCompile Include="Baziru3_Engine\Framework\Scene\Manager\SceneManager.cpp">
      <Filter>ソース ファイル</Filter>
    </ClCompile>
    <ClCompile Include="Baziru3_Engine\Framework\Scene\Factory\AbstractSceneFactory.cpp">
      <Filter>ソース ファイル</Filter>
    </ClCompile>
    <ClCompile Include="Baziru3_Engine\Framework\Scene\Factory\SceneFactory.cpp">
      <Filter>ソース ファイル</Filter>
    </ClCompile>
    <ClCompile Include="Application\Scene\TitleScene\TitleScene.cpp">
      <Filter>ソース ファイル</Filter>
    </ClCompile>
    <ClCompile Include="Baziru3_Engine\Framework\Scene\Factory\SceneRegistration.cpp">
      <Filter>ソース ファイル</Filter>
    </ClCompile>
    <ClCompile Include="Baziru3_Engine\Graphics\2D\Sprite\SpriteManager.cpp">
      <Filter>ソース ファイル</Filter>
    </ClCompile>
    <ClCompile Include="Baziru3_Engine\Framework\Audio\AudioManager.cpp">
      <Filter>ソース ファイル</Filter>
    </ClCompile>
    <ClCompile Include="Baziru3_Engine\Core\Base\DebugUI.cpp">
      <Filter>ソース ファイル</Filter>
    </ClCompile>
    <ClCompile Include="Baziru3_Engine\Core\Base\SubsystemFactory.cpp">
      <Filter>ソース ファイル</Filter>
    </ClCompile>
    <ClCompile Include="Baziru3_Engine\Framework\Collision\CollisionManager.cpp">
      <Filter>ソース ファイル</Filter>
    </ClCompile>
    <ClCompile Include="Baziru3_Engine\Framework\Collision\Collider.cpp">
      <Filter>ソース ファイル</Filter>
    </ClCompile>
    <ClCompile Include="Baziru3_Engine\Framework\Collision\AABBTree.cpp">
      <Filter>ソース ファイル</Filter>
    </ClCompile>
    <ClCompile Include="Baziru3_Engine\Framework\Collision\MeshCollider.cpp">
      <Filter>ソース ファイル</Filter>
    </ClCompile>
    <ClCompile Include="Baziru3_Engine\Graphics\SkyBox\SkyBox.cpp">
      <Filter>ソース ファイル</Filter>
    </ClCompile>
    <ClCompile Include="Baziru3_Engine\Graphics\SkyBox\SkyboxCom.cpp">
      <Filter>ソース ファイル</Filter>
    </ClCompile>
    <ClCompile Include="Baziru3_Engine\Core\Base\EngineAssert.cpp">
      <Filter>ソース ファイル</Filter>
    </ClCompile>
    <ClCompile Include="Baziru3_Engine\Core\Base\EngineContext.cpp">
      <Filter>ソース ファイル</Filter>
    </ClCompile>
    <ClCompile Include="Baziru3_Engine\Core\Base\RenderContext.cpp">
      <Filter>ソース ファイル</Filter>
    </ClCompile>
    <ClCompile Include="Baziru3_Engine\Graphics\Graphics\Particle\ParticleRenderer.cpp">
      <Filter>ソース ファイル</Filter>
    </ClCompile>
    <ClCompile Include="Baziru3_Engine\Graphics\Graphics\Sphere\SphereRenderer.cpp">
      <Filter>ソース ファイル</Filter>
    </ClCompile>
    <ClCompile Include="Baziru3_Engine\Framework\Particle\Ring.cpp">
      <Filter>ソース ファイル</Filter>
    </ClCompile>
    <ClCompile Include="Baziru3_Engine\Graphics\Primitive\Cylinder\Cylinder.cpp">
      <Filter>ソース ファイル</Filter>
    </ClCompile>
    <ClCompile Include="Baziru3_Engine\Framework\Effect\HitEffect.cpp">
      <Filter>ソース ファイル</Filter>
    </ClCompile>
    <ClCompile Include="Baziru3_Engine\Framework\Animation\Animation.cpp">
      <Filter>ソース ファイル</Filter>
    </ClCompile>
    <ClCompile Include="Baziru3_Engine\Framework\Animation\Animator.cpp">
      <Filter>ソース ファイル</Filter>
    </ClCompile>
    <ClCompile Include="Baziru3_Engine\Framework\Animation\AnimationUtils.cpp">
      <Filter>ソース ファイル</Filter>
    </ClCompile>
    <ClCompile Include="Baziru3_Engine\Framework\Animation\NodeAnimation\Node.cpp">
      <Filter>ソース ファイル</Filter>
    </ClCompile>
    <ClCompile Include="Baziru3_Engine\Framework\Animation\Skeleton\Skeleton.cpp">
      <Filter>ソース ファイル</Filter>
    </ClCompile>
    <ClCompile Include="Baziru3_Engine\Framework\Animation\Joint\Joint.cpp">
      <Filter>ソース ファイル</Filter>
    </ClCompile>
    <ClCompile Include="Baziru3_Engine\Framework\Animation\Skeleton\SkeletonDebug.cpp">
      <Filter>ソース ファイル</Filter>
    </ClCompile>
    <ClCompile Include="Baziru3_Engine\Graphics\3D\Model\SkinCluster\SkinCluster.cpp">
      <Filter>ソース ファイル</Filter>
    </ClCompile>
    <ClCompile Include="Baziru3_Engine\Graphics\3D\Object\SkinningObject3dCom.cpp">
      <Filter>ソース ファイル</Filter>
    </ClCompile>
    <ClCompile Include="Baziru3_Engine\Graphics\Graphics\GpuProfiler.cpp">
      <Filter>ソース ファイル</Filter>
    </ClCompile>
    <ClCompile Include="Baziru3_Engine\Core\Base\OffScreenRendering\OffScreenRendering.cpp">
      <Filter>ソース ファイル</Filter>
    </ClCompile>
    <ClCompile Include="Baziru3_Engine\Framework\Scene\Fade.cpp">
      <Filter>ソース ファイル</Filter>
    </ClCompile>
    <ClCompile Include="Baziru3_Engine\Core\Base\OffScreenRendering\RenderTexture.cpp">
      <Filter>ソース ファイル</Filter>
    </ClCompile>
    <ClCompile Include="Baziru3_Engine\Core\Base\AsyncLoader.cpp">
      <Filter>ソース ファイル</Filter>
    </ClCompile>
    <ClCompile Include="Baziru3_Engine\Core\Base\BinaryAssetUtil.cpp">
      <Filter>ソース ファイル</Filter>
    </ClCompile>
    <ClCompile Include="Baziru3_Engine\Framework\AI\Blackboard.cpp">
      <Filter>ソース ファイル</Filter>
    </ClCompile>
    <ClCompile Include="Baziru3_Engine\Framework\AI\BehaviorNode.cpp">
      <Filter>ソース ファイル</Filter>
    </ClCompile>
    <ClCompile Include="Baziru3_Engine\Framework\AI\CompositeNodes.cpp">
      <Filter>ソース ファイル</Filter>
    </ClCompile>
    <ClCompile Include="Baziru3_Engine\Framework\AI\BehaviorTree.cpp">
      <Filter>ソース ファイル</Filter>
    </ClCompile>
    <ClCompile Include="Baziru3_Engine\Framework\AI\BehaviorNodeFactory.cpp">
      <Filter>ソース ファイル</Filter>
    </ClCompile>
    <ClCompile Include="Baziru3_Engine\Framework\AI\BehaviorTreeEditor.cpp">
      <Filter>ソース ファイル</Filter>
    </ClCompile>
    <ClCompile Include="Baziru3_Engine\Framework\AI\CoverNodes.cpp">
      <Filter>ソース ファイル</Filter>
    </ClCompile>
    <ClCompile Include="Baziru3_Engine\Framework\AI\NavMesh.cpp">
      <Filter>ソース ファイル</Filter>
    </ClCompile>
    <ClCompile Include="Baziru3_Engine\Framework\AI\PathfindingNodes.cpp">
      <Filter>ソース ファイル</Filter>
    </ClCompile>
    <ClCompile Include="externals\imgui-node-editor\imgui_node_editor.cpp">
      <Filter>ソース ファイル</Filter>
    </ClCompile>
    <ClCompile Include="externals\imgui-node-editor\imgui_node_editor_api.cpp">
      <Filter>ソース ファイル</Filter>
    </ClCompile>
    <ClCompile Include="externals\imgui-node-editor\imgui_canvas.cpp">
      <Filter>ソース ファイル</Filter>
    </ClCompile>
    <ClCompile Include="externals\imgui-node-editor\crude_json.cpp">
      <Filter>ソース ファイル</Filter>
    </ClCompile>
    <ClCompile Include="Application\Minion\Minion.cpp">
      <Filter>ソース ファイル</Filter>
    </ClCompile>
    <ClCompile Include="Application\Minion\MinionManager.cpp">
      <Filter>ソース ファイル</Filter>
    </ClCompile>
    <ClCompile Include="Application\Player\PikminPlayer.cpp">
      <Filter>ソース ファイル</Filter>
    </ClCompile>
    <ClCompile Include="Application\GameObject\SlimeMesh.cpp">
      <Filter>ソース ファイル</Filter>
    </ClCompile>
  </ItemGroup>
  <ItemGroup>
    <FxCompile Include="Resources\shaders\Slime.VS.hlsl">
      <Filter>リソース ファイル</Filter>
    </FxCompile>
    <FxCompile Include="Resources\shaders\Slime.PS.hlsl">
      <Filter>リソース ファイル</Filter>
    </FxCompile>
    <FxCompile Include="Resources\shaders\Skybox.PS.hlsl" />
    <FxCompile Include="Resources\shaders\Skybox.VS.hlsl" />
    <FxCompile Include="Resources\shaders\Object3d.PS.hlsl" />
    <FxCompile Include="Resources\shaders\Particle.PS.hlsl" />
    <FxCompile Include="Resources\shaders\Particle.VS.hlsl" />
    <FxCompile Include="Resources\shaders\Object3d.VS.hlsl" />
    <FxCompile Include="Resources\shaders\SkinningObject3d.VS.hlsl" />
    <FxCompile Include="Resources\shaders\RadialBlur.PS.hlsl" />
    <FxCompile Include="Resources\shaders\RandomNoise.PS.hlsl" />
    <FxCompile Include="Resources\shaders\BoxFilter.PS.hlsl" />
    <FxCompile Include="Resources\shaders\GaussianFilter.PS.hlsl" />
    <FxCompile Include="Resources\shaders\LuminanceBaseOutline.PS.hlsl" />
    <FxCompile Include="Resources\shaders\DepthBasedOutline.PS.hlsl" />
    <FxCompile Include="Resources\shaders\CopyImage.PS.hlsl">
      <Filter>リソース ファイル</Filter>
    </FxCompile>
    <FxCompile Include="Resources\shaders\CopyImage.VS.hlsl">
      <Filter>リソース ファイル</Filter>
    </FxCompile>
    <FxCompile Include="Resources\shaders\Skinning.CS.hlsl">
      <Filter>リソース ファイル</Filter>
    </FxCompile>
    <FxCompile Include="Resources\shaders\InitializeParticle.CS.hlsl">
      <Filter>リソース ファイル</Filter>
    </FxCompile>

  </ItemGroup>
  <ItemGroup>
    <ClInclude Include="Baziru3_Engine\Framework\Animation\NodeAnimation\Node.h" />
    <ClInclude Include="Baziru3_Engine\Framework\Animation\NodeAnimation\NodeStruct.h" />
    <ClInclude Include="Baziru3_Engine\Graphics\3D\Model\SkinCluster\SkinCluster.h" />
    <ClInclude Include="Baziru3_Engine\Core\Base\OffScreenRendering\OffScreenRendering.h" />
    <ClInclude Include="Baziru3_Engine\Framework\Animation\Animation.h" />
    <ClInclude Include="Baziru3_Engine\Framework\Animation\AnimationData.h" />
    <ClInclude Include="Baziru3_Engine\Framework\Animation\AnimationUtils.h" />
    <ClInclude Include="Baziru3_Engine\Framework\Animation\Animator.h" />
    <ClInclude Include="Baziru3_Engine\Framework\Animation\Joint\Joint.h" />
    <ClInclude Include="Baziru3_Engine\Framework\Animation\Keyframe\Keyframe.h" />
    <ClInclude Include="Baziru3_Engine\Framework\Animation\NodeAnimation\NodeAnimation.h" />
    <ClInclude Include="Baziru3_Engine\Framework\Animation\Skeleton\Skeleton.h" />
    <ClInclude Include="Baziru3_Engine\Framework\Animation\Skeleton\SkeletonDebug.h" />
    <ClInclude Include="Baziru3_Engine\Framework\Effect\HitEffect.h" />
    <ClInclude Include="Baziru3_Engine\Framework\Scene\Fade.h" />
    <ClInclude Include="Baziru3_Engine\Graphics\Graphics\Particle\ParticleRenderer.h" />
    <ClInclude Include="Baziru3_Engine\Graphics\Graphics\SceneRenderRequests.h" />
    <ClInclude Include="Baziru3_Engine\Graphics\Graphics\Sphere\SphereDrawRequests.h" />
    <ClInclude Include="Baziru3_Engine\Graphics\Graphics\Sphere\SphereRenderer.h" />
    <ClInclude Include="Baziru3_Engine\Core\Math\EulerTransform.h" />
    <ClInclude Include="Baziru3_Engine\Core\Math\Quaternion.h" />
    <ClInclude Include="Baziru3_Engine\Graphics\Primitive\Cylinder\Cylinder.h" />
    <ClInclude Include="Baziru3_Engine\Framework\Particle\Ring.h" />
    <ClInclude Include="Baziru3_Engine\Framework\Scene\Factory\AbstractSceneFactory.h" />
    <ClInclude Include="Baziru3_Engine\Framework\Audio\AudioManager.h" />
    <ClInclude Include="Baziru3_Engine\Framework\Scene\BaseScene.h" />
    <ClInclude Include="Baziru3_Engine\Graphics\3D\Object\Object3d.h" />
    <ClInclude Include="Baziru3_Engine\Graphics\3D\Object\Object3dCom.h" />
    <ClInclude Include="Baziru3_Engine\Framework\Collision\BoxCollider.h" />
    <ClInclude Include="Baziru3_Engine\Framework\Collision\CapsuleCollider.h" />
    <ClInclude Include="Baziru3_Engine\Framework\Collision\Collider.h" />
    <ClInclude Include="Baziru3_Engine\Framework\Collision\CollisionManager.h" />
    <ClInclude Include="Baziru3_Engine\Framework\Collision\SphereCollider.h" />
    <ClInclude Include="Baziru3_Engine\Framework\Audio\Sound.h" />
    <ClInclude Include="Baziru3_Engine\Core\Base\MappedResource.h" />
    <ClInclude Include="Baziru3_Engine\Core\Base\OffScreenRendering\RenderTexture.h" />
    <ClInclude Include="Baziru3_Engine\Core\Base\RootParam.h" />
    <ClInclude Include="Baziru3_Engine\Core\Camera\DebugCamera\DebugCamera.h" />
    <ClInclude Include="Baziru3_Engine\Core\Base\DirectXCom.h" />
    <ClInclude Include="Baziru3_Engine\Core\Base\ImGui\ImGuiManager.h" />
    <ClInclude Include="Baziru3_Engine\Core\Base\KeyInput.h" />
    <ClInclude Include="Baziru3_Engine\Core\Base\Log\Log.h" />
    <ClInclude Include="Baziru3_Engine\Core\Base\Matrix4x4.h">
      <Filter>ヘッダー ファイル</Filter>
    </ClInclude>
    <ClInclude Include="Baziru3_Engine\Core\Base\ResourceLeakCheck.h">
      <Filter>ヘッダー ファイル</Filter>
    </ClInclude>
    <ClInclude Include="Baziru3_Engine\Core\Base\StringUtil.h" />
    <ClInclude Include="Baziru3_Engine\Core\Base\Transform.h" />
    <ClInclude Include="Baziru3_Engine\Core\Base\Vector.h" />
    <ClInclude Include="Baziru3_Engine\Core\Base\Windows\WindowsAPI.h" />
    <ClInclude Include="Baziru3_Engine\Core\Camera\Camera.h" />
    <ClInclude Include="Baziru3_Engine\Graphics\2D\Sprite\Sprite.h" />
    <ClInclude Include="Baziru3_Engine\Graphics\2D\Sprite\SpriteCom.h" />
    <ClInclude Include="Baziru3_Engine\Core\Base\Operator.h" />
    <ClInclude Include="Baziru3_Engine\Graphics\2D\Texture\TextureManager.h" />
    <ClInclude Include="Baziru3_Engine\Graphics\SkyBox\SkyboxCom.h" />
    <ClInclude Include="Baziru3_Engine\Core\Platform\Windows\CrashDump.h" />
    <ClInclude Include="Baziru3_Engine\Core\Base\DebugUI.h" />
    <ClInclude Include="Application\Framework.h" />
    <ClInclude Include="Baziru3_Engine\Core\Base\EngineAssert.h">
      <Filter>ヘッダー ファイル</Filter>
    </ClInclude>
    <ClInclude Include="Baziru3_Engine\Core\Base\EngineContext.h" />
    <ClInclude Include="Baziru3_Engine\Core\Base\RenderContext.h">
      <Filter>ヘッダー ファイル</Filter>
    </ClInclude>
    <ClInclude Include="Game.h" />
    <ClInclude Include="Application\Scene\GameScene\GamePlayScene.h" />
    <ClInclude Include="Application\Scene\GameScene\CollisionSystem.h" />
    <ClInclude Include="Application\Scene\GameScene\CombatSystem.h" />
    <ClInclude Include="Application\Player\Player.h">
      <Filter>ヘッダー ファイル</Filter>
    </ClInclude>
    <ClInclude Include="Application\GameObject\Obstacle.h">
      <Filter>ヘッダー ファイル</Filter>
    </ClInclude>
    <ClInclude Include="Baziru3_Engine\Core\IO\Mouse\MouseInput.h">
      <Filter>ヘッダー ファイル</Filter>
    </ClInclude>
    <ClInclude Include="Application\Enemy\Enemy.h">
      <Filter>ヘッダー ファイル</Filter>
    </ClInclude>
    <ClInclude Include="Application\Enemy\MovingEnemy.h">
      <Filter>ヘッダー ファイル</Filter>
    </ClInclude>
    <ClInclude Include="Application\GameObject\Bullet.h">
      <Filter>ヘッダー ファイル</Filter>
    </ClInclude>

    <ClInclude Include="Baziru3_Engine\Core\Base\SubsystemFactory.h" />
    <ClInclude Include="Baziru3_Engine\Core\Base\OffScreenRendering\OffScreenRendering.h" />
    <ClInclude Include="Baziru3_Engine\Graphics\3D\Model\SkinCluster\SkinCluster.h" />
    <ClInclude Include="Baziru3_Engine\Framework\Animation\NodeAnimation\Node.h" />
    <ClInclude Include="Baziru3_Engine\Framework\Animation\NodeAnimation\NodeStruct.h" />
    <ClInclude Include="Baziru3_Engine\Framework\Animation\Skeleton\Skeleton.h" />
    <ClInclude Include="Baziru3_Engine\Framework\Animation\Joint\Joint.h" />
    <ClInclude Include="Baziru3_Engine\Framework\Animation\Skeleton\SkeletonDebug.h" />
    <ClInclude Include="Baziru3_Engine\Core\Math\EulerTransform.h" />
    <ClInclude Include="Application\Particle\AppParticleManager.h" />
    <ClInclude Include="Application\Scene\ClearScene\ClearScene.h" />
    <ClInclude Include="Baziru3_Engine\Framework\Particle\ParticleEmitter.h" />
    <ClInclude Include="Baziru3_Engine\Framework\Particle\ParticleManager.h" />
    <ClInclude Include="Baziru3_Engine\Graphics\Light\Light.h" />
    <ClInclude Include="Baziru3_Engine\Graphics\Graphics\Material\MaterialManager.h" />
    <ClInclude Include="Baziru3_Engine\Core\Math\Random.h" />
    <ClInclude Include="Baziru3_Engine\Graphics\3D\Model\Model.h" />
    <ClInclude Include="Baziru3_Engine\Graphics\3D\Model\ModelCom.h" />
    <ClInclude Include="Baziru3_Engine\Graphics\3D\Model\ModelManager.h" />
    <ClInclude Include="Baziru3_Engine\Framework\Scene\Factory\SceneFactory.h" />
    <ClInclude Include="Baziru3_Engine\Framework\Scene\Manager\SceneManager.h" />
    <ClInclude Include="Baziru3_Engine\Framework\Scene\Factory\SceneRegistration.h" />
    <ClInclude Include="Baziru3_Engine\Graphics\SkyBox\SkyBox.h" />
    <ClInclude Include="Baziru3_Engine\Graphics\Shapes\Sphere\Sphere.h" />
    <ClInclude Include="Baziru3_Engine\Graphics\2D\Sprite\SpriteManager.h" />
    <ClInclude Include="Baziru3_Engine\Core\Base\Srv\SRVManager.h" />
    <ClInclude Include="Application\Scene\TitleScene\TitleScene.h" />

    <ClInclude Include="Baziru3_Engine\Graphics\3D\Object\SkinningObject3dCom.h">
      <Filter>ヘッダー ファイル</Filter>
    </ClInclude>
    <ClInclude Include="Baziru3_Engine\Graphics\Graphics\GpuProfiler.h">
      <Filter>ヘッダー ファイル</Filter>
    </ClInclude>
    <ClInclude Include="Baziru3_Engine\Core\Base\AsyncLoader.h">
      <Filter>ヘッダー ファイル</Filter>
    </ClInclude>
    <ClInclude Include="Baziru3_Engine\Core\Base\BinaryAssetUtil.h">
      <Filter>ヘッダー ファイル</Filter>
    </ClInclude>
    <ClInclude Include="Baziru3_Engine\Framework\AI\Blackboard.h">
      <Filter>ヘッダー ファイル</Filter>
    </ClInclude>
    <ClInclude Include="Baziru3_Engine\Framework\AI\BehaviorNode.h">
      <Filter>ヘッダー ファイル</Filter>
    </ClInclude>
    <ClInclude Include="Baziru3_Engine\Framework\AI\CompositeNodes.h">
      <Filter>ヘッダー ファイル</Filter>
    </ClInclude>
    <ClInclude Include="Baziru3_Engine\Framework\AI\BehaviorTree.h">
      <Filter>ヘッダー ファイル</Filter>
    </ClInclude>
    <ClInclude Include="Baziru3_Engine\Framework\AI\BehaviorNodeFactory.h">
      <Filter>ヘッダー ファイル</Filter>
    </ClInclude>
    <ClInclude Include="Baziru3_Engine\Framework\AI\BehaviorTreeEditor.h">
      <Filter>ヘッダー ファイル</Filter>
    </ClInclude>
    <ClInclude Include="Baziru3_Engine\Framework\AI\CoverNodes.h">
      <Filter>ヘッダー ファイル</Filter>
    </ClInclude>
    <ClInclude Include="Baziru3_Engine\Framework\AI\NavMesh.h">
      <Filter>ヘッダー ファイル</Filter>
    </ClInclude>
    <ClInclude Include="Baziru3_Engine\Framework\AI\PathfindingNodes.h">
      <Filter>ヘッダー ファイル</Filter>
    </ClInclude>
    <ClInclude Include="externals\imgui-node-editor\imgui_node_editor.h">
      <Filter>ヘッダー ファイル</Filter>
    </ClInclude>
    <ClInclude Include="externals\imgui-node-editor\imgui_node_editor_internal.h">
      <Filter>ヘッダー ファイル</Filter>
    </ClInclude>
    <ClInclude Include="externals\imgui-node-editor\imgui_node_editor_internal.inl">
      <Filter>ヘッダー ファイル</Filter>
    </ClInclude>
    <ClInclude Include="externals\imgui-node-editor\imgui_canvas.h">
      <Filter>ヘッダー ファイル</Filter>
    </ClInclude>
    <ClInclude Include="externals\imgui-node-editor\crude_json.h">
      <Filter>ヘッダー ファイル</Filter>
    </ClInclude>
    <ClInclude Include="Application\Minion\Minion.h">
      <Filter>ヘッダー ファイル</Filter>
    </ClInclude>
    <ClInclude Include="Application\Minion\MinionManager.h">
      <Filter>ヘッダー ファイル</Filter>
    </ClInclude>
    <ClInclude Include="Application\Player\PikminPlayer.h">
      <Filter>ヘッダー ファイル</Filter>
    </ClInclude>
    <ClInclude Include="Application\GameObject\SlimeMesh.h">
      <Filter>ヘッダー ファイル</Filter>
    </ClInclude>
  </ItemGroup>
  <ItemGroup>
    <None Include="Resources\shaders\Slime.hlsli">
      <Filter>リソース ファイル</Filter>
    </None>
    <None Include="Resources\shaders\CopyImage.hlsli" />
    <None Include="Resources\shaders\Skybox.hlsli" />
    <None Include="Resources\shaders\Particle.hlsli" />
    <None Include="Resources\shaders\Object3d.hlsli" />
  </ItemGroup>
</Project>